<?xml version="1.0" encoding="UTF-8" standalone="yes" ?>
<CodeBlocks_project_file>
	<FileVersion major="1" minor="6" />
	<Project>
		<Option title="ComputerProject1" />
		<Option pch_mode="2" />
		<Option compiler="gcc" />
		<Build>
			<Target title="Debug">
				<Option output="bin/Debug/ComputerProject1" prefix_auto="1" extension_auto="1" />
				<Option object_output="obj/Debug/" />
				<Option type="1" />
				<Option compiler="gcc" />
				<Compiler>
					<Add option="-g" />
					<Add directory="include" />
				</Compiler>
			</Target>
			<Target title="Release">
				<Option output="bin/Release/ComputerProject1" prefix_auto="1" extension_auto="1" />
				<Option object_output="obj/Release/" />
				<Option type="1" />
				<Option compiler="gcc" />
				<Compiler>
					<Add option="-O2" />
					<Add directory="include" />
				</Compiler>
				<Linker>
					<Add option="-s" />
				</Linker>
			</Target>
		</Build>
		<Compiler>
			<Add option="-Wall" />
			<Add option="-fexceptions" />
		</Compiler>
		<Unit filename="include/CPU.h" />
		<Unit filename="include/GPU.h" />
		<Unit filename="include/Motherboard.h" />
		<Unit filename="include/PC.h" />
		<Unit filename="include/Part.h" />
		<Unit filename="include/Speakers.h" />
		<Unit filename="main.cpp" />
		<Unit filename="src/CPU.cpp" />
		<Unit filename="src/GPU.cpp" />
		<Unit filename="src/Motherboard.cpp" />
		<Unit filename="src/PC.cpp" />
		<Unit filename="src/Part.cpp" />
		<Unit filename="src/Speakers.cpp" />
		<Extensions />
	</Project>
</CodeBlocks_project_file>
